
Microsoft Visual Studio Solution File, Format Version 12.00
Project("{FAE04EC0-301F-11D3-BF4B-00C04F79EFBC}") = "CLI", "CLI\CLI.csproj", "{67E33F65-2F7B-4616-80FD-EDD59F5E11B6}"
EndProject
Project("{FAE04EC0-301F-11D3-BF4B-00C04F79EFBC}") = "AutoClickerLib", "AutoClickerLib\AutoClickerLib.csproj", "{79CF32C9-C704-4A49-A11C-6FB6E234CC3D}"
EndProject
Global
	GlobalSection(SolutionConfigurationPlatforms) = preSolution
		Debug|Any CPU = Debug|Any CPU
		Release|Any CPU = Release|Any CPU
	EndGlobalSection
	GlobalSection(ProjectConfigurationPlatforms) = postSolution
		{67E33F65-2F7B-4616-80FD-EDD59F5E11B6}.Debug|Any CPU.ActiveCfg = Debug|Any CPU
		{67E33F65-2F7B-4616-80FD-EDD59F5E11B6}.Debug|Any CPU.Build.0 = Debug|Any CPU
		{67E33F65-2F7B-4616-80FD-EDD59F5E11B6}.Release|Any CPU.ActiveCfg = Release|Any CPU
		{67E33F65-2F7B-4616-80FD-EDD59F5E11B6}.Release|Any CPU.Build.0 = Release|Any CPU
		{79CF32C9-C704-4A49-A11C-6FB6E234CC3D}.Debug|Any CPU.ActiveCfg = Debug|Any CPU
		{79CF32C9-C704-4A49-A11C-6FB6E234CC3D}.Debug|Any CPU.Build.0 = Debug|Any CPU
		{79CF32C9-C704-4A49-A11C-6FB6E234CC3D}.Release|Any CPU.ActiveCfg = Release|Any CPU
		{79CF32C9-C704-4A49-A11C-6FB6E234CC3D}.Release|Any CPU.Build.0 = Release|Any CPU
	EndGlobalSection
EndGlobal
